
Microsoft Visual Studio Solution File, Format Version 12.00
# Visual Studio Version 17
VisualStudioVersion = 17.10.35004.147
MinimumVisualStudioVersion = 10.0.40219.1
Project("{9A19103F-16F7-4668-BE54-9A1E7A4F7556}") = "ConectFourProjectErikaOrtiz", "..\..\..\..\Documents\GitHub\ConectFourCSharpErikaOrtiz\ConectFourProjectErikaOrtiz.csproj", "{EAC3B02A-3693-47D8-A15A-391AA130939D}"
EndProject
Global
	GlobalSection(SolutionConfigurationPlatforms) = preSolution
		Debug|Any CPU = Debug|Any CPU
		Release|Any CPU = Release|Any CPU
	EndGlobalSection
	GlobalSection(ProjectConfigurationPlatforms) = postSolution
		{EAC3B02A-3693-47D8-A15A-391AA130939D}.Debug|Any CPU.ActiveCfg = Debug|Any CPU
		{EAC3B02A-3693-47D8-A15A-391AA130939D}.Debug|Any CPU.Build.0 = Debug|Any CPU
		{EAC3B02A-3693-47D8-A15A-391AA130939D}.Release|Any CPU.ActiveCfg = Release|Any CPU
		{EAC3B02A-3693-47D8-A15A-391AA130939D}.Release|Any CPU.Build.0 = Release|Any CPU
	EndGlobalSection
	GlobalSection(SolutionProperties) = preSolution
		HideSolutionNode = FALSE
	EndGlobalSection
	GlobalSection(ExtensibilityGlobals) = postSolution
		SolutionGuid = {7E549360-F09B-42DF-8CB0-B0461003EE2C}
	EndGlobalSection
EndGlobal
